
Microsoft Visual Studio Solution File, Format Version 12.00
Project("{FAE04EC0-301F-11D3-BF4B-00C04F79EFBC}") = "rynek_walutowy", "rynek_walutowy\rynek_walutowy.csproj", "{C3A5C74C-75CA-4615-9D5F-98D2DD8F3CA0}"
EndProject
Global
	GlobalSection(SolutionConfigurationPlatforms) = preSolution
		Debug|Any CPU = Debug|Any CPU
		Release|Any CPU = Release|Any CPU
	EndGlobalSection
	GlobalSection(ProjectConfigurationPlatforms) = postSolution
		{C3A5C74C-75CA-4615-9D5F-98D2DD8F3CA0}.Debug|Any CPU.ActiveCfg = Debug|Any CPU
		{C3A5C74C-75CA-4615-9D5F-98D2DD8F3CA0}.Debug|Any CPU.Build.0 = Debug|Any CPU
		{C3A5C74C-75CA-4615-9D5F-98D2DD8F3CA0}.Release|Any CPU.ActiveCfg = Release|Any CPU
		{C3A5C74C-75CA-4615-9D5F-98D2DD8F3CA0}.Release|Any CPU.Build.0 = Release|Any CPU
	EndGlobalSection
EndGlobal
