
Microsoft Visual Studio Solution File, Format Version 12.00
Project("{FAE04EC0-301F-11D3-BF4B-00C04F79EFBC}") = "zmanipulowane_dane", "zmanipulowane_dane\zmanipulowane_dane.csproj", "{D4F62A70-F563-4900-BB1D-51AADB6D1AAA}"
EndProject
Global
	GlobalSection(SolutionConfigurationPlatforms) = preSolution
		Debug|Any CPU = Debug|Any CPU
		Release|Any CPU = Release|Any CPU
	EndGlobalSection
	GlobalSection(ProjectConfigurationPlatforms) = postSolution
		{D4F62A70-F563-4900-BB1D-51AADB6D1AAA}.Debug|Any CPU.ActiveCfg = Debug|Any CPU
		{D4F62A70-F563-4900-BB1D-51AADB6D1AAA}.Debug|Any CPU.Build.0 = Debug|Any CPU
		{D4F62A70-F563-4900-BB1D-51AADB6D1AAA}.Release|Any CPU.ActiveCfg = Release|Any CPU
		{D4F62A70-F563-4900-BB1D-51AADB6D1AAA}.Release|Any CPU.Build.0 = Release|Any CPU
	EndGlobalSection
EndGlobal
