
Microsoft Visual Studio Solution File, Format Version 12.00
Project("{FAE04EC0-301F-11D3-BF4B-00C04F79EFBC}") = "LZ77", "LZ77.csproj", "{F6663443-815B-4E59-B9B0-BF2991B44765}"
EndProject
Global
	GlobalSection(SolutionConfigurationPlatforms) = preSolution
		Debug|Any CPU = Debug|Any CPU
		Release|Any CPU = Release|Any CPU
	EndGlobalSection
	GlobalSection(ProjectConfigurationPlatforms) = postSolution
		{F6663443-815B-4E59-B9B0-BF2991B44765}.Debug|Any CPU.ActiveCfg = Debug|Any CPU
		{F6663443-815B-4E59-B9B0-BF2991B44765}.Debug|Any CPU.Build.0 = Debug|Any CPU
		{F6663443-815B-4E59-B9B0-BF2991B44765}.Release|Any CPU.ActiveCfg = Release|Any CPU
		{F6663443-815B-4E59-B9B0-BF2991B44765}.Release|Any CPU.Build.0 = Release|Any CPU
	EndGlobalSection
EndGlobal
